
Microsoft Visual Studio Solution File, Format Version 12.00
# Visual Studio 2013
VisualStudioVersion = 12.0.31101.0
MinimumVisualStudioVersion = 10.0.40219.1
Project("{2150E333-8FDC-42A3-9474-1A3956D46DE8}") = "Solution Items", "Solution Items", "{478C6563-C321-4AB5-9D4D-ABFC9C88EBF0}"
	ProjectSection(SolutionItems) = preProject
		AlphaFS.nuspec = AlphaFS.nuspec
		Documentation\AlphaFS.png = Documentation\AlphaFS.png
		AlphaFS.testrunconfig = AlphaFS.testrunconfig
		AlphaFS.vsmdi = AlphaFS.vsmdi
		CHANGELOG.md = CHANGELOG.md
		Documentation\Content Layout.content = Documentation\Content Layout.content
		Documentation\License.aml = Documentation\License.aml
	EndProjectSection
EndProject
Project("{FAE04EC0-301F-11D3-BF4B-00C04F79EFBC}") = "AlphaFS", "AlphaFS\AlphaFS.csproj", "{F0F9AF1E-D5B5-4D72-804A-5380622FBDEA}"
EndProject
Project("{FAE04EC0-301F-11D3-BF4B-00C04F79EFBC}") = "AlphaFS.UnitTest", "AlphaFS.UnitTest\AlphaFS.UnitTest.csproj", "{BC336637-FDD7-4D13-9B24-1A888E85A944}"
EndProject
Project("{7CF6DF6D-3B04-46F8-A40B-537D21BCA0B4}") = "AlphaFS.Doc", "AlphaFS.Doc\AlphaFS.Doc.shfbproj", "{81ED470C-0A64-4B10-B37E-61A06DDC497C}"
EndProject
Global
	GlobalSection(SolutionConfigurationPlatforms) = preSolution
		Debug|Any CPU = Debug|Any CPU
		Debug|x86 = Debug|x86
		Net35 Debug|Any CPU = Net35 Debug|Any CPU
		Net35 Debug|x86 = Net35 Debug|x86
		Net35|Any CPU = Net35|Any CPU
		Net35|x86 = Net35|x86
		Net40 Debug|Any CPU = Net40 Debug|Any CPU
		Net40 Debug|x86 = Net40 Debug|x86
		Net40|Any CPU = Net40|Any CPU
		Net40|x86 = Net40|x86
		Net45 Debug|Any CPU = Net45 Debug|Any CPU
		Net45 Debug|x86 = Net45 Debug|x86
		Net45|Any CPU = Net45|Any CPU
		Net45|x86 = Net45|x86
		Net451 Debug|Any CPU = Net451 Debug|Any CPU
		Net451 Debug|x86 = Net451 Debug|x86
		Net451|Any CPU = Net451|Any CPU
		Net451|x86 = Net451|x86
		Release|Any CPU = Release|Any CPU
		Release|x86 = Release|x86
	EndGlobalSection
	GlobalSection(ProjectConfigurationPlatforms) = postSolution
		{F0F9AF1E-D5B5-4D72-804A-5380622FBDEA}.Debug|Any CPU.ActiveCfg = Net451 Debug|Any CPU
		{F0F9AF1E-D5B5-4D72-804A-5380622FBDEA}.Debug|Any CPU.Build.0 = Net451 Debug|Any CPU
		{F0F9AF1E-D5B5-4D72-804A-5380622FBDEA}.Debug|x86.ActiveCfg = Net451 Debug|Any CPU
		{F0F9AF1E-D5B5-4D72-804A-5380622FBDEA}.Net35 Debug|Any CPU.ActiveCfg = Net35 Debug|Any CPU
		{F0F9AF1E-D5B5-4D72-804A-5380622FBDEA}.Net35 Debug|Any CPU.Build.0 = Net35 Debug|Any CPU
		{F0F9AF1E-D5B5-4D72-804A-5380622FBDEA}.Net35 Debug|x86.ActiveCfg = Net35 Debug|Any CPU
		{F0F9AF1E-D5B5-4D72-804A-5380622FBDEA}.Net35|Any CPU.ActiveCfg = Net35|Any CPU
		{F0F9AF1E-D5B5-4D72-804A-5380622FBDEA}.Net35|Any CPU.Build.0 = Net35|Any CPU
		{F0F9AF1E-D5B5-4D72-804A-5380622FBDEA}.Net35|x86.ActiveCfg = Net35|Any CPU
		{F0F9AF1E-D5B5-4D72-804A-5380622FBDEA}.Net40 Debug|Any CPU.ActiveCfg = Net40 Debug|Any CPU
		{F0F9AF1E-D5B5-4D72-804A-5380622FBDEA}.Net40 Debug|Any CPU.Build.0 = Net40 Debug|Any CPU
		{F0F9AF1E-D5B5-4D72-804A-5380622FBDEA}.Net40 Debug|x86.ActiveCfg = Net40 Debug|Any CPU
		{F0F9AF1E-D5B5-4D72-804A-5380622FBDEA}.Net40|Any CPU.ActiveCfg = Net40|Any CPU
		{F0F9AF1E-D5B5-4D72-804A-5380622FBDEA}.Net40|Any CPU.Build.0 = Net40|Any CPU
		{F0F9AF1E-D5B5-4D72-804A-5380622FBDEA}.Net40|x86.ActiveCfg = Net40|Any CPU
		{F0F9AF1E-D5B5-4D72-804A-5380622FBDEA}.Net45 Debug|Any CPU.ActiveCfg = Net45 Debug|Any CPU
		{F0F9AF1E-D5B5-4D72-804A-5380622FBDEA}.Net45 Debug|Any CPU.Build.0 = Net45 Debug|Any CPU
		{F0F9AF1E-D5B5-4D72-804A-5380622FBDEA}.Net45 Debug|x86.ActiveCfg = Net45 Debug|Any CPU
		{F0F9AF1E-D5B5-4D72-804A-5380622FBDEA}.Net45|Any CPU.ActiveCfg = Net45|Any CPU
		{F0F9AF1E-D5B5-4D72-804A-5380622FBDEA}.Net45|Any CPU.Build.0 = Net45|Any CPU
		{F0F9AF1E-D5B5-4D72-804A-5380622FBDEA}.Net45|x86.ActiveCfg = Net45|Any CPU
		{F0F9AF1E-D5B5-4D72-804A-5380622FBDEA}.Net451 Debug|Any CPU.ActiveCfg = Net451 Debug|Any CPU
		{F0F9AF1E-D5B5-4D72-804A-5380622FBDEA}.Net451 Debug|Any CPU.Build.0 = Net451 Debug|Any CPU
		{F0F9AF1E-D5B5-4D72-804A-5380622FBDEA}.Net451 Debug|x86.ActiveCfg = Net451 Debug|Any CPU
		{F0F9AF1E-D5B5-4D72-804A-5380622FBDEA}.Net451|Any CPU.ActiveCfg = Net451|Any CPU
		{F0F9AF1E-D5B5-4D72-804A-5380622FBDEA}.Net451|Any CPU.Build.0 = Net451|Any CPU
		{F0F9AF1E-D5B5-4D72-804A-5380622FBDEA}.Net451|x86.ActiveCfg = Net451|Any CPU
		{F0F9AF1E-D5B5-4D72-804A-5380622FBDEA}.Release|Any CPU.ActiveCfg = Net451|Any CPU
		{F0F9AF1E-D5B5-4D72-804A-5380622FBDEA}.Release|Any CPU.Build.0 = Net451|Any CPU
		{F0F9AF1E-D5B5-4D72-804A-5380622FBDEA}.Release|x86.ActiveCfg = Net451|Any CPU
		{BC336637-FDD7-4D13-9B24-1A888E85A944}.Debug|Any CPU.ActiveCfg = Net451 Debug|Any CPU
		{BC336637-FDD7-4D13-9B24-1A888E85A944}.Debug|Any CPU.Build.0 = Net451 Debug|Any CPU
		{BC336637-FDD7-4D13-9B24-1A888E85A944}.Debug|x86.ActiveCfg = Net451 Debug|Any CPU
		{BC336637-FDD7-4D13-9B24-1A888E85A944}.Net35 Debug|Any CPU.ActiveCfg = Net35 Debug|Any CPU
		{BC336637-FDD7-4D13-9B24-1A888E85A944}.Net35 Debug|Any CPU.Build.0 = Net35 Debug|Any CPU
		{BC336637-FDD7-4D13-9B24-1A888E85A944}.Net35 Debug|x86.ActiveCfg = Net35 Debug|Any CPU
		{BC336637-FDD7-4D13-9B24-1A888E85A944}.Net35|Any CPU.ActiveCfg = NET35|Any CPU
		{BC336637-FDD7-4D13-9B24-1A888E85A944}.Net35|Any CPU.Build.0 = NET35|Any CPU
		{BC336637-FDD7-4D13-9B24-1A888E85A944}.Net35|x86.ActiveCfg = NET35|Any CPU
		{BC336637-FDD7-4D13-9B24-1A888E85A944}.Net40 Debug|Any CPU.ActiveCfg = Net40 Debug|Any CPU
		{BC336637-FDD7-4D13-9B24-1A888E85A944}.Net40 Debug|Any CPU.Build.0 = Net40 Debug|Any CPU
		{BC336637-FDD7-4D13-9B24-1A888E85A944}.Net40 Debug|x86.ActiveCfg = Net40 Debug|Any CPU
		{BC336637-FDD7-4D13-9B24-1A888E85A944}.Net40|Any CPU.ActiveCfg = Net40|Any CPU
		{BC336637-FDD7-4D13-9B24-1A888E85A944}.Net40|Any CPU.Build.0 = Net40|Any CPU
		{BC336637-FDD7-4D13-9B24-1A888E85A944}.Net40|x86.ActiveCfg = Net40|Any CPU
		{BC336637-FDD7-4D13-9B24-1A888E85A944}.Net45 Debug|Any CPU.ActiveCfg = Net45 Debug|Any CPU
		{BC336637-FDD7-4D13-9B24-1A888E85A944}.Net45 Debug|Any CPU.Build.0 = Net45 Debug|Any CPU
		{BC336637-FDD7-4D13-9B24-1A888E85A944}.Net45 Debug|x86.ActiveCfg = Net45 Debug|Any CPU
		{BC336637-FDD7-4D13-9B24-1A888E85A944}.Net45|Any CPU.ActiveCfg = Net45|Any CPU
		{BC336637-FDD7-4D13-9B24-1A888E85A944}.Net45|Any CPU.Build.0 = Net45|Any CPU
		{BC336637-FDD7-4D13-9B24-1A888E85A944}.Net45|x86.ActiveCfg = Net45|Any CPU
		{BC336637-FDD7-4D13-9B24-1A888E85A944}.Net451 Debug|Any CPU.ActiveCfg = Net451 Debug|Any CPU
		{BC336637-FDD7-4D13-9B24-1A888E85A944}.Net451 Debug|Any CPU.Build.0 = Net451 Debug|Any CPU
		{BC336637-FDD7-4D13-9B24-1A888E85A944}.Net451 Debug|x86.ActiveCfg = Net451 Debug|Any CPU
		{BC336637-FDD7-4D13-9B24-1A888E85A944}.Net451|Any CPU.ActiveCfg = Net451|Any CPU
		{BC336637-FDD7-4D13-9B24-1A888E85A944}.Net451|Any CPU.Build.0 = Net451|Any CPU
		{BC336637-FDD7-4D13-9B24-1A888E85A944}.Net451|x86.ActiveCfg = Net451|Any CPU
		{BC336637-FDD7-4D13-9B24-1A888E85A944}.Release|Any CPU.ActiveCfg = Net451|Any CPU
		{BC336637-FDD7-4D13-9B24-1A888E85A944}.Release|Any CPU.Build.0 = Net451|Any CPU
		{BC336637-FDD7-4D13-9B24-1A888E85A944}.Release|x86.ActiveCfg = Net451|Any CPU
		{81ED470C-0A64-4B10-B37E-61A06DDC497C}.Debug|Any CPU.ActiveCfg = Debug|Any CPU
		{81ED470C-0A64-4B10-B37E-61A06DDC497C}.Debug|Any CPU.Build.0 = Debug|Any CPU
		{81ED470C-0A64-4B10-B37E-61A06DDC497C}.Debug|x86.ActiveCfg = Debug|Any CPU
		{81ED470C-0A64-4B10-B37E-61A06DDC497C}.Net35 Debug|Any CPU.ActiveCfg = Debug|Any CPU
		{81ED470C-0A64-4B10-B37E-61A06DDC497C}.Net35 Debug|Any CPU.Build.0 = Debug|Any CPU
		{81ED470C-0A64-4B10-B37E-61A06DDC497C}.Net35 Debug|x86.ActiveCfg = Debug|Any CPU
		{81ED470C-0A64-4B10-B37E-61A06DDC497C}.Net35|Any CPU.ActiveCfg = Release|Any CPU
		{81ED470C-0A64-4B10-B37E-61A06DDC497C}.Net35|Any CPU.Build.0 = Release|Any CPU
		{81ED470C-0A64-4B10-B37E-61A06DDC497C}.Net35|x86.ActiveCfg = Release|Any CPU
		{81ED470C-0A64-4B10-B37E-61A06DDC497C}.Net40 Debug|Any CPU.ActiveCfg = Debug|Any CPU
		{81ED470C-0A64-4B10-B37E-61A06DDC497C}.Net40 Debug|Any CPU.Build.0 = Debug|Any CPU
		{81ED470C-0A64-4B10-B37E-61A06DDC497C}.Net40 Debug|x86.ActiveCfg = Debug|Any CPU
		{81ED470C-0A64-4B10-B37E-61A06DDC497C}.Net40|Any CPU.ActiveCfg = Release|Any CPU
		{81ED470C-0A64-4B10-B37E-61A06DDC497C}.Net40|Any CPU.Build.0 = Release|Any CPU
		{81ED470C-0A64-4B10-B37E-61A06DDC497C}.Net40|x86.ActiveCfg = Release|Any CPU
		{81ED470C-0A64-4B10-B37E-61A06DDC497C}.Net45 Debug|Any CPU.ActiveCfg = Debug|Any CPU
		{81ED470C-0A64-4B10-B37E-61A06DDC497C}.Net45 Debug|Any CPU.Build.0 = Debug|Any CPU
		{81ED470C-0A64-4B10-B37E-61A06DDC497C}.Net45 Debug|x86.ActiveCfg = Debug|Any CPU
		{81ED470C-0A64-4B10-B37E-61A06DDC497C}.Net45|Any CPU.ActiveCfg = Release|Any CPU
		{81ED470C-0A64-4B10-B37E-61A06DDC497C}.Net45|Any CPU.Build.0 = Release|Any CPU
		{81ED470C-0A64-4B10-B37E-61A06DDC497C}.Net45|x86.ActiveCfg = Release|Any CPU
		{81ED470C-0A64-4B10-B37E-61A06DDC497C}.Net451 Debug|Any CPU.ActiveCfg = Debug|Any CPU
		{81ED470C-0A64-4B10-B37E-61A06DDC497C}.Net451 Debug|Any CPU.Build.0 = Debug|Any CPU
		{81ED470C-0A64-4B10-B37E-61A06DDC497C}.Net451 Debug|x86.ActiveCfg = Debug|Any CPU
		{81ED470C-0A64-4B10-B37E-61A06DDC497C}.Net451|Any CPU.ActiveCfg = Release|Any CPU
		{81ED470C-0A64-4B10-B37E-61A06DDC497C}.Net451|Any CPU.Build.0 = Release|Any CPU
		{81ED470C-0A64-4B10-B37E-61A06DDC497C}.Net451|x86.ActiveCfg = Release|Any CPU
		{81ED470C-0A64-4B10-B37E-61A06DDC497C}.Release|Any CPU.ActiveCfg = Release|Any CPU
		{81ED470C-0A64-4B10-B37E-61A06DDC497C}.Release|Any CPU.Build.0 = Release|Any CPU
		{81ED470C-0A64-4B10-B37E-61A06DDC497C}.Release|x86.ActiveCfg = Release|Any CPU
	EndGlobalSection
	GlobalSection(SolutionProperties) = preSolution
		HideSolutionNode = FALSE
	EndGlobalSection
	GlobalSection(TestCaseManagementSettings) = postSolution
		CategoryFile = AlphaFS.vsmdi
	EndGlobalSection
EndGlobal
